# THIS IS AN AUTOGENERATED FILE. DO NOT EDIT THIS FILE DIRECTLY.
# yarn lockfile v1


bit-twiddle@~1.0.2:
  version "1.0.2"
  resolved "https://registry.yarnpkg.com/bit-twiddle/-/bit-twiddle-1.0.2.tgz#0c6c1fabe2b23d17173d9a61b7b7093eb9e1769e"

commander@~2.7.1:
  version "2.7.1"
  resolved "https://registry.yarnpkg.com/commander/-/commander-2.7.1.tgz#5d419a2bbed2c32ee3e4dca9bb45ab83ecc3065a"
  dependencies:
    graceful-readlink ">= 1.0.0"

fft-js@^0.0.12:
  version "0.0.12"
  resolved "https://registry.yarnpkg.com/fft-js/-/fft-js-0.0.12.tgz#cb7b413efb1a55fab784cdd804ecf7ea7f25b8da"
  dependencies:
    bit-twiddle "~1.0.2"
    commander "~2.7.1"

"graceful-readlink@>= 1.0.0":
  version "1.0.1"
  resolved "https://registry.yarnpkg.com/graceful-readlink/-/graceful-readlink-1.0.1.tgz#4cafad76bc62f02fa039b2f94e9a3dd3a391a725"

ramda@0.26.1:
  version "0.26.1"
  resolved "https://registry.yarnpkg.com/ramda/-/ramda-0.26.1.tgz#8d41351eb8111c55353617fc3bbffad8e4d35d06"
